
Microsoft Visual Studio Solution File, Format Version 12.00
# Visual Studio Version 17
VisualStudioVersion = 17.3.32922.545
MinimumVisualStudioVersion = 15.0.26124.0
Project("{9A19103F-16F7-4668-BE54-9A1E7A4F7556}") = "XMindAPI", "XMindAPI\XMindAPI.csproj", "{3B7F12AF-F1AA-442A-AB71-46205D7C9C59}"
EndProject
Project("{9A19103F-16F7-4668-BE54-9A1E7A4F7556}") = "XMindAPI.Tests", "XMindAPI.Tests\XMindAPI.Tests.csproj", "{B260573F-5688-40F9-9CAE-0069781BB596}"
EndProject
Project("{9A19103F-16F7-4668-BE54-9A1E7A4F7556}") = "simple", "examples\simple\simple.csproj", "{E89FA33D-362B-46A4-89FB-67459CDE36D2}"
EndProject
Global
	GlobalSection(SolutionConfigurationPlatforms) = preSolution
		Debug|Any CPU = Debug|Any CPU
		Debug|x64 = Debug|x64
		Debug|x86 = Debug|x86
		Release|Any CPU = Release|Any CPU
		Release|x64 = Release|x64
		Release|x86 = Release|x86
	EndGlobalSection
	GlobalSection(ProjectConfigurationPlatforms) = postSolution
		{3B7F12AF-F1AA-442A-AB71-46205D7C9C59}.Debug|Any CPU.ActiveCfg = Debug|Any CPU
		{3B7F12AF-F1AA-442A-AB71-46205D7C9C59}.Debug|Any CPU.Build.0 = Debug|Any CPU
		{3B7F12AF-F1AA-442A-AB71-46205D7C9C59}.Debug|x64.ActiveCfg = Debug|Any CPU
		{3B7F12AF-F1AA-442A-AB71-46205D7C9C59}.Debug|x64.Build.0 = Debug|Any CPU
		{3B7F12AF-F1AA-442A-AB71-46205D7C9C59}.Debug|x86.ActiveCfg = Debug|Any CPU
		{3B7F12AF-F1AA-442A-AB71-46205D7C9C59}.Debug|x86.Build.0 = Debug|Any CPU
		{3B7F12AF-F1AA-442A-AB71-46205D7C9C59}.Release|Any CPU.ActiveCfg = Release|Any CPU
		{3B7F12AF-F1AA-442A-AB71-46205D7C9C59}.Release|Any CPU.Build.0 = Release|Any CPU
		{3B7F12AF-F1AA-442A-AB71-46205D7C9C59}.Release|x64.ActiveCfg = Release|Any CPU
		{3B7F12AF-F1AA-442A-AB71-46205D7C9C59}.Release|x64.Build.0 = Release|Any CPU
		{3B7F12AF-F1AA-442A-AB71-46205D7C9C59}.Release|x86.ActiveCfg = Release|Any CPU
		{3B7F12AF-F1AA-442A-AB71-46205D7C9C59}.Release|x86.Build.0 = Release|Any CPU
		{B260573F-5688-40F9-9CAE-0069781BB596}.Debug|Any CPU.ActiveCfg = Debug|Any CPU
		{B260573F-5688-40F9-9CAE-0069781BB596}.Debug|Any CPU.Build.0 = Debug|Any CPU
		{B260573F-5688-40F9-9CAE-0069781BB596}.Debug|x64.ActiveCfg = Debug|Any CPU
		{B260573F-5688-40F9-9CAE-0069781BB596}.Debug|x64.Build.0 = Debug|Any CPU
		{B260573F-5688-40F9-9CAE-0069781BB596}.Debug|x86.ActiveCfg = Debug|Any CPU
		{B260573F-5688-40F9-9CAE-0069781BB596}.Debug|x86.Build.0 = Debug|Any CPU
		{B260573F-5688-40F9-9CAE-0069781BB596}.Release|Any CPU.ActiveCfg = Release|Any CPU
		{B260573F-5688-40F9-9CAE-0069781BB596}.Release|Any CPU.Build.0 = Release|Any CPU
		{B260573F-5688-40F9-9CAE-0069781BB596}.Release|x64.ActiveCfg = Release|Any CPU
		{B260573F-5688-40F9-9CAE-0069781BB596}.Release|x64.Build.0 = Release|Any CPU
		{B260573F-5688-40F9-9CAE-0069781BB596}.Release|x86.ActiveCfg = Release|Any CPU
		{B260573F-5688-40F9-9CAE-0069781BB596}.Release|x86.Build.0 = Release|Any CPU
		{E89FA33D-362B-46A4-89FB-67459CDE36D2}.Debug|Any CPU.ActiveCfg = Debug|Any CPU
		{E89FA33D-362B-46A4-89FB-67459CDE36D2}.Debug|Any CPU.Build.0 = Debug|Any CPU
		{E89FA33D-362B-46A4-89FB-67459CDE36D2}.Debug|x64.ActiveCfg = Debug|Any CPU
		{E89FA33D-362B-46A4-89FB-67459CDE36D2}.Debug|x64.Build.0 = Debug|Any CPU
		{E89FA33D-362B-46A4-89FB-67459CDE36D2}.Debug|x86.ActiveCfg = Debug|Any CPU
		{E89FA33D-362B-46A4-89FB-67459CDE36D2}.Debug|x86.Build.0 = Debug|Any CPU
		{E89FA33D-362B-46A4-89FB-67459CDE36D2}.Release|Any CPU.ActiveCfg = Release|Any CPU
		{E89FA33D-362B-46A4-89FB-67459CDE36D2}.Release|Any CPU.Build.0 = Release|Any CPU
		{E89FA33D-362B-46A4-89FB-67459CDE36D2}.Release|x64.ActiveCfg = Release|Any CPU
		{E89FA33D-362B-46A4-89FB-67459CDE36D2}.Release|x64.Build.0 = Release|Any CPU
		{E89FA33D-362B-46A4-89FB-67459CDE36D2}.Release|x86.ActiveCfg = Release|Any CPU
		{E89FA33D-362B-46A4-89FB-67459CDE36D2}.Release|x86.Build.0 = Release|Any CPU
	EndGlobalSection
	GlobalSection(SolutionProperties) = preSolution
		HideSolutionNode = FALSE
	EndGlobalSection
	GlobalSection(ExtensibilityGlobals) = postSolution
		SolutionGuid = {84F373B7-387B-4928-A813-76CE160EC3C1}
	EndGlobalSection
EndGlobal
